Microsoft Visual Studio Solution File, Format Version 12.00
# Visual Studio Version 17
VisualStudioVersion = 17.5.2.0
MinimumVisualStudioVersion = 10.0.40219.1
Project("{FAE04EC0-301F-11D3-BF4B-00C04F79EFBC}") = "AgendamentoApi", "AgendamentoApi.csproj", "{0319B741-D43E-2C06-D05F-DB501B97B907}"
EndProject
Global
	GlobalSection(SolutionConfigurationPlatforms) = preSolution
		Debug|Any CPU = Debug|Any CPU
		Release|Any CPU = Release|Any CPU
	EndGlobalSection
	GlobalSection(ProjectConfigurationPlatforms) = postSolution
		{0319B741-D43E-2C06-D05F-DB501B97B907}.Debug|Any CPU.ActiveCfg = Debug|Any CPU
		{0319B741-D43E-2C06-D05F-DB501B97B907}.Debug|Any CPU.Build.0 = Debug|Any CPU
		{0319B741-D43E-2C06-D05F-DB501B97B907}.Release|Any CPU.ActiveCfg = Release|Any CPU
		{0319B741-D43E-2C06-D05F-DB501B97B907}.Release|Any CPU.Build.0 = Release|Any CPU
	EndGlobalSection
	GlobalSection(SolutionProperties) = preSolution
		HideSolutionNode = FALSE
	EndGlobalSection
	GlobalSection(ExtensibilityGlobals) = postSolution
		SolutionGuid = {81EBA0B3-E2C5-48AD-8134-423949D26273}
	EndGlobalSection
EndGlobal
